
Microsoft Visual Studio Solution File, Format Version 12.00
# Visual Studio Version 16
VisualStudioVersion = 16.0.30621.155
MinimumVisualStudioVersion = 10.0.40219.1
Project("{9A19103F-16F7-4668-BE54-9A1E7A4F7556}") = "BookingApp", "BookingApp.csproj", "{B6DA63B1-1549-48BA-BDC4-2BD764F2D7C1}"
EndProject
Project("{9A19103F-16F7-4668-BE54-9A1E7A4F7556}") = "BookingAppTests", "..\BookingAppTests\BookingAppTests.csproj", "{ADE5E185-3B73-4366-AE2B-178F3BAE3731}"
EndProject
Global
	GlobalSection(SolutionConfigurationPlatforms) = preSolution
		Debug|Any CPU = Debug|Any CPU
		Release|Any CPU = Release|Any CPU
	EndGlobalSection
	GlobalSection(ProjectConfigurationPlatforms) = postSolution
		{B6DA63B1-1549-48BA-BDC4-2BD764F2D7C1}.Debug|Any CPU.ActiveCfg = Debug|Any CPU
		{B6DA63B1-1549-48BA-BDC4-2BD764F2D7C1}.Debug|Any CPU.Build.0 = Debug|Any CPU
		{B6DA63B1-1549-48BA-BDC4-2BD764F2D7C1}.Release|Any CPU.ActiveCfg = Release|Any CPU
		{B6DA63B1-1549-48BA-BDC4-2BD764F2D7C1}.Release|Any CPU.Build.0 = Release|Any CPU
		{ADE5E185-3B73-4366-AE2B-178F3BAE3731}.Debug|Any CPU.ActiveCfg = Debug|Any CPU
		{ADE5E185-3B73-4366-AE2B-178F3BAE3731}.Debug|Any CPU.Build.0 = Debug|Any CPU
		{ADE5E185-3B73-4366-AE2B-178F3BAE3731}.Release|Any CPU.ActiveCfg = Release|Any CPU
		{ADE5E185-3B73-4366-AE2B-178F3BAE3731}.Release|Any CPU.Build.0 = Release|Any CPU
	EndGlobalSection
	GlobalSection(SolutionProperties) = preSolution
		HideSolutionNode = FALSE
	EndGlobalSection
	GlobalSection(ExtensibilityGlobals) = postSolution
		SolutionGuid = {91A088C4-949F-4D62-B8B4-E2DE28056CA4}
	EndGlobalSection
EndGlobal
